
Microsoft Visual Studio Solution File, Format Version 12.00
# Visual Studio 15
VisualStudioVersion = 15.0.28307.421
MinimumVisualStudioVersion = 10.0.40219.1
Project("{FAE04EC0-301F-11D3-BF4B-00C04F79EFBC}") = "MouseSensitivity", "MouseSensitivity\MouseSensitivity.csproj", "{588D2DE5-26A0-453D-B22D-A3385212BD24}"
EndProject
Global
	GlobalSection(SolutionConfigurationPlatforms) = preSolution
		Debug|Any CPU = Debug|Any CPU
		Release|Any CPU = Release|Any CPU
	EndGlobalSection
	GlobalSection(ProjectConfigurationPlatforms) = postSolution
		{588D2DE5-26A0-453D-B22D-A3385212BD24}.Debug|Any CPU.ActiveCfg = Debug|Any CPU
		{588D2DE5-26A0-453D-B22D-A3385212BD24}.Debug|Any CPU.Build.0 = Debug|Any CPU
		{588D2DE5-26A0-453D-B22D-A3385212BD24}.Release|Any CPU.ActiveCfg = Release|Any CPU
		{588D2DE5-26A0-453D-B22D-A3385212BD24}.Release|Any CPU.Build.0 = Release|Any CPU
	EndGlobalSection
	GlobalSection(SolutionProperties) = preSolution
		HideSolutionNode = FALSE
	EndGlobalSection
	GlobalSection(ExtensibilityGlobals) = postSolution
		SolutionGuid = {534588A9-CD89-4869-BCBE-A245C6FC58E5}
	EndGlobalSection
EndGlobal
